{
  "object": {
    "pins": [
      {
        "package": "TextScanSDK",
        "repositoryURL": "https://github.com/adilanwerawan/TextScanSDK.git",
        "state": {
          "branch": "main",
          "revision": "42c0f7fe1698ac651d8fbde0e5a8ce2b4fa092d9",
          "version": null
        }
      }
    ]
  },
  "version": 1
}
